
Microsoft Visual Studio Solution File, Format Version 12.00
# Visual Studio Version 16
VisualStudioVersion = 16.0.32106.194
MinimumVisualStudioVersion = 10.0.40219.1
Project("{FAE04EC0-301F-11D3-BF4B-00C04F79EFBC}") = "ImageProcessing", "ImageProcessing.csproj", "{FD482704-4256-4441-A2F5-B8EFA400B017}"
EndProject
Global
	GlobalSection(SolutionConfigurationPlatforms) = preSolution
		Debug|Any CPU = Debug|Any CPU
		Release|Any CPU = Release|Any CPU
	EndGlobalSection
	GlobalSection(ProjectConfigurationPlatforms) = postSolution
		{FD482704-4256-4441-A2F5-B8EFA400B017}.Debug|Any CPU.ActiveCfg = Debug|Any CPU
		{FD482704-4256-4441-A2F5-B8EFA400B017}.Debug|Any CPU.Build.0 = Debug|Any CPU
		{FD482704-4256-4441-A2F5-B8EFA400B017}.Release|Any CPU.ActiveCfg = Release|Any CPU
		{FD482704-4256-4441-A2F5-B8EFA400B017}.Release|Any CPU.Build.0 = Release|Any CPU
	EndGlobalSection
	GlobalSection(SolutionProperties) = preSolution
		HideSolutionNode = FALSE
	EndGlobalSection
	GlobalSection(ExtensibilityGlobals) = postSolution
		SolutionGuid = {68A8491C-87EF-4EBC-AB5A-42924531A257}
	EndGlobalSection
EndGlobal
